
Microsoft Visual Studio Solution File, Format Version 12.00
# Visual Studio Version 16
VisualStudioVersion = 16.0.31313.79
MinimumVisualStudioVersion = 10.0.40219.1
Project("{FAE04EC0-301F-11D3-BF4B-00C04F79EFBC}") = "Demo.Api", "Demo.Api.csproj", "{EEE6AA43-BCCE-4817-A9B9-13301AB9274C}"
EndProject
Global
	GlobalSection(SolutionConfigurationPlatforms) = preSolution
		Debug|Any CPU = Debug|Any CPU
		Release|Any CPU = Release|Any CPU
	EndGlobalSection
	GlobalSection(ProjectConfigurationPlatforms) = postSolution
		{EEE6AA43-BCCE-4817-A9B9-13301AB9274C}.Debug|Any CPU.ActiveCfg = Debug|Any CPU
		{EEE6AA43-BCCE-4817-A9B9-13301AB9274C}.Debug|Any CPU.Build.0 = Debug|Any CPU
		{EEE6AA43-BCCE-4817-A9B9-13301AB9274C}.Release|Any CPU.ActiveCfg = Release|Any CPU
		{EEE6AA43-BCCE-4817-A9B9-13301AB9274C}.Release|Any CPU.Build.0 = Release|Any CPU
	EndGlobalSection
	GlobalSection(SolutionProperties) = preSolution
		HideSolutionNode = FALSE
	EndGlobalSection
	GlobalSection(ExtensibilityGlobals) = postSolution
		SolutionGuid = {750A6AAF-6D7F-4A50-BA73-FB088FAF0C29}
	EndGlobalSection
EndGlobal
